{
  "name": "nodejs",
  "lockfileVersion": 2,
  "requires": true,
  "packages": {
    "": {
      "dependencies": {
        "accrete-wasm": "0.2.3"
      }
    },
    "node_modules/accrete-wasm": {
      "version": "0.2.3",
      "resolved": "https://registry.npmjs.org/accrete-wasm/-/accrete-wasm-0.2.3.tgz",
      "integrity": "sha512-wCpkt5vXG0CpBrYcw7/GRre5AdO1JRtnLytkhOxy6/2BiGU9tZosnIho3GXDvN1Pdp8GdwfodGUSMoHDzxZNTA=="
    }
  },
  "dependencies": {
    "accrete-wasm": {
      "version": "0.2.3",
      "resolved": "https://registry.npmjs.org/accrete-wasm/-/accrete-wasm-0.2.3.tgz",
      "integrity": "sha512-wCpkt5vXG0CpBrYcw7/GRre5AdO1JRtnLytkhOxy6/2BiGU9tZosnIho3GXDvN1Pdp8GdwfodGUSMoHDzxZNTA=="
    }
  }
}
