{
  "name": "nodejs",
  "lockfileVersion": 2,
  "requires": true,
  "packages": {
    "": {
      "dependencies": {
        "accrete-wasm": "^0.2.1"
      }
    },
    "node_modules/accrete-wasm": {
      "version": "0.2.1",
      "resolved": "https://registry.npmjs.org/accrete-wasm/-/accrete-wasm-0.2.1.tgz",
      "integrity": "sha512-S0TuqEQb1c1MPhIeaK1BNlDp2WTNEZnCQjlOaoubtLN3zDCPgbYCaA/6MvJXY7q7EQKPsz4P8bOkhlvS2iljkw=="
    }
  },
  "dependencies": {
    "accrete-wasm": {
      "version": "0.2.1",
      "resolved": "https://registry.npmjs.org/accrete-wasm/-/accrete-wasm-0.2.1.tgz",
      "integrity": "sha512-S0TuqEQb1c1MPhIeaK1BNlDp2WTNEZnCQjlOaoubtLN3zDCPgbYCaA/6MvJXY7q7EQKPsz4P8bOkhlvS2iljkw=="
    }
  }
}
